// !$*UTF8*$!
{
	archiveVersion = 1;
	classes = {
	};
	objectVersion = 52;
	objects = {

/* Begin PBXBuildFile section */
		84482A5E2651D15B00CDA4F1 /* APITests.swift in Sources */ = {isa = PBXBuildFile; fileRef = 84482A5D2651D15B00CDA4F1 /* APITests.swift */; };
		84482A6E2651D23C00CDA4F1 /* MovieModelTests.swift in Sources */ = {isa = PBXBuildFile; fileRef = 84482A6D2651D23C00CDA4F1 /* MovieModelTests.swift */; };
		84482A832651EF2600CDA4F1 /* Kingfisher in Frameworks */ = {isa = PBXBuildFile; productRef = 84482A822651EF2600CDA4F1 /* Kingfisher */; };
		84482A9A26533F5900CDA4F1 /* GenreManager.swift in Sources */ = {isa = PBXBuildFile; fileRef = 84482A9926533F5900CDA4F1 /* GenreManager.swift */; };
		84482A9F26533F6500CDA4F1 /* ReviewManager.swift in Sources */ = {isa = PBXBuildFile; fileRef = 84482A9E26533F6500CDA4F1 /* ReviewManager.swift */; };
		84489B9A2630BDA1000C49D6 /* AppDelegate.swift in Sources */ = {isa = PBXBuildFile; fileRef = 84489B992630BDA1000C49D6 /* AppDelegate.swift */; };
		84489B9C2630BDA1000C49D6 /* SceneDelegate.swift in Sources */ = {isa = PBXBuildFile; fileRef = 84489B9B2630BDA1000C49D6 /* SceneDelegate.swift */; };
		84489B9E2630BDA1000C49D6 /* ViewController.swift in Sources */ = {isa = PBXBuildFile; fileRef = 84489B9D2630BDA1000C49D6 /* ViewController.swift */; };
		84489BA12630BDA1000C49D6 /* Main.storyboard in Resources */ = {isa = PBXBuildFile; fileRef = 84489B9F2630BDA1000C49D6 /* Main.storyboard */; };
		84489BA32630BDA3000C49D6 /* Assets.xcassets in Resources */ = {isa = PBXBuildFile; fileRef = 84489BA22630BDA3000C49D6 /* Assets.xcassets */; };
		84489BA62630BDA3000C49D6 /* LaunchScreen.storyboard in Resources */ = {isa = PBXBuildFile; fileRef = 84489BA42630BDA3000C49D6 /* LaunchScreen.storyboard */; };
		84489BB12630BDA4000C49D6 /* ReviewModelTests.swift in Sources */ = {isa = PBXBuildFile; fileRef = 84489BB02630BDA4000C49D6 /* ReviewModelTests.swift */; };
		84489BBC2630BDA4000C49D6 /* Video_Club_AppUITests.swift in Sources */ = {isa = PBXBuildFile; fileRef = 84489BBB2630BDA4000C49D6 /* Video_Club_AppUITests.swift */; };
		84489BF32630F398000C49D6 /* MovieManager.swift in Sources */ = {isa = PBXBuildFile; fileRef = 84489BF22630F398000C49D6 /* MovieManager.swift */; };
		84489BF82630F805000C49D6 /* MovieModel.swift in Sources */ = {isa = PBXBuildFile; fileRef = 84489BF72630F805000C49D6 /* MovieModel.swift */; };
		84489BFD2630F8C2000C49D6 /* MovieData.swift in Sources */ = {isa = PBXBuildFile; fileRef = 84489BFC2630F8C2000C49D6 /* MovieData.swift */; };
		84489C0E26323328000C49D6 /* CollectionViewCell.swift in Sources */ = {isa = PBXBuildFile; fileRef = 84489C0C26323328000C49D6 /* CollectionViewCell.swift */; };
		84489C0F26323328000C49D6 /* CollectionViewCell.xib in Resources */ = {isa = PBXBuildFile; fileRef = 84489C0D26323328000C49D6 /* CollectionViewCell.xib */; };
		84489C1726324527000C49D6 /* Extensions.swift in Sources */ = {isa = PBXBuildFile; fileRef = 84489C1626324527000C49D6 /* Extensions.swift */; };
		84489C3126333A39000C49D6 /* Constants.swift in Sources */ = {isa = PBXBuildFile; fileRef = 84489C3026333A39000C49D6 /* Constants.swift */; };
		84489C5526338724000C49D6 /* GoogleService-Info.plist in Resources */ = {isa = PBXBuildFile; fileRef = 84489C5426338724000C49D6 /* GoogleService-Info.plist */; };
		84489C7E2633D638000C49D6 /* MovieViewController.swift in Sources */ = {isa = PBXBuildFile; fileRef = 84489C7D2633D637000C49D6 /* MovieViewController.swift */; };
		84489C8E26366C87000C49D6 /* GenreData.swift in Sources */ = {isa = PBXBuildFile; fileRef = 84489C8D26366C87000C49D6 /* GenreData.swift */; };
		845241FF2659C24C00947DD7 /* Realm in Frameworks */ = {isa = PBXBuildFile; productRef = 845241FE2659C24C00947DD7 /* Realm */; };
		845242012659C24C00947DD7 /* RealmSwift in Frameworks */ = {isa = PBXBuildFile; productRef = 845242002659C24C00947DD7 /* RealmSwift */; };
		84B12FEC2639902400112DC6 /* ReviewsViewController.swift in Sources */ = {isa = PBXBuildFile; fileRef = 84B12FEB2639902400112DC6 /* ReviewsViewController.swift */; };
		84C6ECDF263A227500A167A5 /* ReviewData.swift in Sources */ = {isa = PBXBuildFile; fileRef = 84C6ECDE263A227500A167A5 /* ReviewData.swift */; };
		84C6ECE8263C39E600A167A5 /* ReviewCell.swift in Sources */ = {isa = PBXBuildFile; fileRef = 84C6ECE6263C39E600A167A5 /* ReviewCell.swift */; };
		84C6ECE9263C39E600A167A5 /* ReviewCell.xib in Resources */ = {isa = PBXBuildFile; fileRef = 84C6ECE7263C39E600A167A5 /* ReviewCell.xib */; };
		84C6ECFB263F300B00A167A5 /* MoviesApi.swift in Sources */ = {isa = PBXBuildFile; fileRef = 84C6ECFA263F300B00A167A5 /* MoviesApi.swift */; };
		84C6ED152640B37000A167A5 /* GenreModel.swift in Sources */ = {isa = PBXBuildFile; fileRef = 84C6ED142640B37000A167A5 /* GenreModel.swift */; };
		84C6ED1A2640C16F00A167A5 /* ReviewModel.swift in Sources */ = {isa = PBXBuildFile; fileRef = 84C6ED192640C16F00A167A5 /* ReviewModel.swift */; };
		84C6ED8E264214F600A167A5 /* RealmDatabase.swift in Sources */ = {isa = PBXBuildFile; fileRef = 84C6ED8D264214F600A167A5 /* RealmDatabase.swift */; };
		84C6ED9326422A2800A167A5 /* NetworkMonitor.swift in Sources */ = {isa = PBXBuildFile; fileRef = 84C6ED9226422A2800A167A5 /* NetworkMonitor.swift */; };
		84C6ED9B2643652600A167A5 /* DateData.swift in Sources */ = {isa = PBXBuildFile; fileRef = 84C6ED9A2643652600A167A5 /* DateData.swift */; };
/* End PBXBuildFile section */

/* Begin PBXContainerItemProxy section */
		84489BAD2630BDA4000C49D6 /* PBXContainerItemProxy */ = {
			isa = PBXContainerItemProxy;
			containerPortal = 84489B8E2630BDA1000C49D6 /* Project object */;
			proxyType = 1;
			remoteGlobalIDString = 84489B952630BDA1000C49D6;
			remoteInfo = "Video Club App";
		};
		84489BB82630BDA4000C49D6 /* PBXContainerItemProxy */ = {
			isa = PBXContainerItemProxy;
			containerPortal = 84489B8E2630BDA1000C49D6 /* Project object */;
			proxyType = 1;
			remoteGlobalIDString = 84489B952630BDA1000C49D6;
			remoteInfo = "Video Club App";
		};
/* End PBXContainerItemProxy section */

/* Begin PBXFileReference section */
		84482A5D2651D15B00CDA4F1 /* APITests.swift */ = {isa = PBXFileReference; lastKnownFileType = sourcecode.swift; path = APITests.swift; sourceTree = "<group>"; };
		84482A6D2651D23C00CDA4F1 /* MovieModelTests.swift */ = {isa = PBXFileReference; lastKnownFileType = sourcecode.swift; path = MovieModelTests.swift; sourceTree = "<group>"; };
		84482A9926533F5900CDA4F1 /* GenreManager.swift */ = {isa = PBXFileReference; lastKnownFileType = sourcecode.swift; path = GenreManager.swift; sourceTree = "<group>"; };
		84482A9E26533F6500CDA4F1 /* ReviewManager.swift */ = {isa = PBXFileReference; lastKnownFileType = sourcecode.swift; path = ReviewManager.swift; sourceTree = "<group>"; };
		84489B962630BDA1000C49D6 /* Video Club App.app */ = {isa = PBXFileReference; explicitFileType = wrapper.application; includeInIndex = 0; path = "Video Club App.app"; sourceTree = BUILT_PRODUCTS_DIR; };
		84489B992630BDA1000C49D6 /* AppDelegate.swift */ = {isa = PBXFileReference; lastKnownFileType = sourcecode.swift; path = AppDelegate.swift; sourceTree = "<group>"; };
		84489B9B2630BDA1000C49D6 /* SceneDelegate.swift */ = {isa = PBXFileReference; lastKnownFileType = sourcecode.swift; path = SceneDelegate.swift; sourceTree = "<group>"; };
		84489B9D2630BDA1000C49D6 /* ViewController.swift */ = {isa = PBXFileReference; lastKnownFileType = sourcecode.swift; path = ViewController.swift; sourceTree = "<group>"; };
		84489BA02630BDA1000C49D6 /* Base */ = {isa = PBXFileReference; lastKnownFileType = file.storyboard; name = Base; path = Base.lproj/Main.storyboard; sourceTree = "<group>"; };
		84489BA22630BDA3000C49D6 /* Assets.xcassets */ = {isa = PBXFileReference; lastKnownFileType = folder.assetcatalog; path = Assets.xcassets; sourceTree = "<group>"; };
		84489BA52630BDA3000C49D6 /* Base */ = {isa = PBXFileReference; lastKnownFileType = file.storyboard; name = Base; path = Base.lproj/LaunchScreen.storyboard; sourceTree = "<group>"; };
		84489BA72630BDA3000C49D6 /* Info.plist */ = {isa = PBXFileReference; lastKnownFileType = text.plist.xml; path = Info.plist; sourceTree = "<group>"; };
		84489BAC2630BDA4000C49D6 /* Video Club AppTests.xctest */ = {isa = PBXFileReference; explicitFileType = wrapper.cfbundle; includeInIndex = 0; path = "Video Club AppTests.xctest"; sourceTree = BUILT_PRODUCTS_DIR; };
		84489BB02630BDA4000C49D6 /* ReviewModelTests.swift */ = {isa = PBXFileReference; lastKnownFileType = sourcecode.swift; path = ReviewModelTests.swift; sourceTree = "<group>"; };
		84489BB22630BDA4000C49D6 /* Info.plist */ = {isa = PBXFileReference; lastKnownFileType = text.plist.xml; path = Info.plist; sourceTree = "<group>"; };
		84489BB72630BDA4000C49D6 /* Video Club AppUITests.xctest */ = {isa = PBXFileReference; explicitFileType = wrapper.cfbundle; includeInIndex = 0; path = "Video Club AppUITests.xctest"; sourceTree = BUILT_PRODUCTS_DIR; };
		84489BBB2630BDA4000C49D6 /* Video_Club_AppUITests.swift */ = {isa = PBXFileReference; lastKnownFileType = sourcecode.swift; path = Video_Club_AppUITests.swift; sourceTree = "<group>"; };
		84489BBD2630BDA4000C49D6 /* Info.plist */ = {isa = PBXFileReference; lastKnownFileType = text.plist.xml; path = Info.plist; sourceTree = "<group>"; };
		84489BF22630F398000C49D6 /* MovieManager.swift */ = {isa = PBXFileReference; lastKnownFileType = sourcecode.swift; path = MovieManager.swift; sourceTree = "<group>"; };
		84489BF72630F805000C49D6 /* MovieModel.swift */ = {isa = PBXFileReference; lastKnownFileType = sourcecode.swift; path = MovieModel.swift; sourceTree = "<group>"; };
		84489BFC2630F8C2000C49D6 /* MovieData.swift */ = {isa = PBXFileReference; lastKnownFileType = sourcecode.swift; path = MovieData.swift; sourceTree = "<group>"; };
		84489C0C26323328000C49D6 /* CollectionViewCell.swift */ = {isa = PBXFileReference; lastKnownFileType = sourcecode.swift; path = CollectionViewCell.swift; sourceTree = "<group>"; };
		84489C0D26323328000C49D6 /* CollectionViewCell.xib */ = {isa = PBXFileReference; lastKnownFileType = file.xib; path = CollectionViewCell.xib; sourceTree = "<group>"; };
		84489C1626324527000C49D6 /* Extensions.swift */ = {isa = PBXFileReference; lastKnownFileType = sourcecode.swift; path = Extensions.swift; sourceTree = "<group>"; };
		84489C3026333A39000C49D6 /* Constants.swift */ = {isa = PBXFileReference; lastKnownFileType = sourcecode.swift; path = Constants.swift; sourceTree = "<group>"; };
		84489C5426338724000C49D6 /* GoogleService-Info.plist */ = {isa = PBXFileReference; fileEncoding = 4; lastKnownFileType = text.plist.xml; path = "GoogleService-Info.plist"; sourceTree = "<group>"; };
		84489C7D2633D637000C49D6 /* MovieViewController.swift */ = {isa = PBXFileReference; lastKnownFileType = sourcecode.swift; path = MovieViewController.swift; sourceTree = "<group>"; };
		84489C8D26366C87000C49D6 /* GenreData.swift */ = {isa = PBXFileReference; lastKnownFileType = sourcecode.swift; path = GenreData.swift; sourceTree = "<group>"; };
		84B12FEB2639902400112DC6 /* ReviewsViewController.swift */ = {isa = PBXFileReference; lastKnownFileType = sourcecode.swift; path = ReviewsViewController.swift; sourceTree = "<group>"; };
		84C6ECDE263A227500A167A5 /* ReviewData.swift */ = {isa = PBXFileReference; lastKnownFileType = sourcecode.swift; path = ReviewData.swift; sourceTree = "<group>"; };
		84C6ECE6263C39E600A167A5 /* ReviewCell.swift */ = {isa = PBXFileReference; lastKnownFileType = sourcecode.swift; path = ReviewCell.swift; sourceTree = "<group>"; };
		84C6ECE7263C39E600A167A5 /* ReviewCell.xib */ = {isa = PBXFileReference; lastKnownFileType = file.xib; path = ReviewCell.xib; sourceTree = "<group>"; };
		84C6ECFA263F300B00A167A5 /* MoviesApi.swift */ = {isa = PBXFileReference; lastKnownFileType = sourcecode.swift; path = MoviesApi.swift; sourceTree = "<group>"; };
		84C6ED142640B37000A167A5 /* GenreModel.swift */ = {isa = PBXFileReference; lastKnownFileType = sourcecode.swift; path = GenreModel.swift; sourceTree = "<group>"; };
		84C6ED192640C16F00A167A5 /* ReviewModel.swift */ = {isa = PBXFileReference; lastKnownFileType = sourcecode.swift; path = ReviewModel.swift; sourceTree = "<group>"; };
		84C6ED8D264214F600A167A5 /* RealmDatabase.swift */ = {isa = PBXFileReference; lastKnownFileType = sourcecode.swift; path = RealmDatabase.swift; sourceTree = "<group>"; };
		84C6ED9226422A2800A167A5 /* NetworkMonitor.swift */ = {isa = PBXFileReference; lastKnownFileType = sourcecode.swift; path = NetworkMonitor.swift; sourceTree = "<group>"; };
		84C6ED9A2643652600A167A5 /* DateData.swift */ = {isa = PBXFileReference; lastKnownFileType = sourcecode.swift; path = DateData.swift; sourceTree = "<group>"; };
/* End PBXFileReference section */

/* Begin PBXFrameworksBuildPhase section */
		84489B932630BDA1000C49D6 /* Frameworks */ = {
			isa = PBXFrameworksBuildPhase;
			buildActionMask = 2147483647;
			files = (
				845242012659C24C00947DD7 /* RealmSwift in Frameworks */,
				845241FF2659C24C00947DD7 /* Realm in Frameworks */,
				84482A832651EF2600CDA4F1 /* Kingfisher in Frameworks */,
			);
			runOnlyForDeploymentPostprocessing = 0;
		};
		84489BA92630BDA4000C49D6 /* Frameworks */ = {
			isa = PBXFrameworksBuildPhase;
			buildActionMask = 2147483647;
			files = (
			);
			runOnlyForDeploymentPostprocessing = 0;
		};
		84489BB42630BDA4000C49D6 /* Frameworks */ = {
			isa = PBXFrameworksBuildPhase;
			buildActionMask = 2147483647;
			files = (
			);
			runOnlyForDeploymentPostprocessing = 0;
		};
/* End PBXFrameworksBuildPhase section */

/* Begin PBXGroup section */
		84489B8D2630BDA1000C49D6 = {
			isa = PBXGroup;
			children = (
				84489B982630BDA1000C49D6 /* Video Club App */,
				84489BAF2630BDA4000C49D6 /* Video Club AppTests */,
				84489BBA2630BDA4000C49D6 /* Video Club AppUITests */,
				84489B972630BDA1000C49D6 /* Products */,
			);
			sourceTree = "<group>";
		};
		84489B972630BDA1000C49D6 /* Products */ = {
			isa = PBXGroup;
			children = (
				84489B962630BDA1000C49D6 /* Video Club App.app */,
				84489BAC2630BDA4000C49D6 /* Video Club AppTests.xctest */,
				84489BB72630BDA4000C49D6 /* Video Club AppUITests.xctest */,
			);
			name = Products;
			sourceTree = "<group>";
		};
		84489B982630BDA1000C49D6 /* Video Club App */ = {
			isa = PBXGroup;
			children = (
				84489B992630BDA1000C49D6 /* AppDelegate.swift */,
				84489B9B2630BDA1000C49D6 /* SceneDelegate.swift */,
				84C6ECF9263F2FD700A167A5 /* Services */,
				84489C292632A32D000C49D6 /* Managers */,
				84489BD12630BE08000C49D6 /* Models */,
				84489BD02630BDFB000C49D6 /* Views */,
				84489BCC2630BDEB000C49D6 /* Controllers */,
				84489C3526334024000C49D6 /* Constants */,
				84489C1E26328E5C000C49D6 /* Extensions */,
				84489BA22630BDA3000C49D6 /* Assets.xcassets */,
				84489BA42630BDA3000C49D6 /* LaunchScreen.storyboard */,
				84489C5426338724000C49D6 /* GoogleService-Info.plist */,
				84489BA72630BDA3000C49D6 /* Info.plist */,
			);
			path = "Video Club App";
			sourceTree = "<group>";
		};
		84489BAF2630BDA4000C49D6 /* Video Club AppTests */ = {
			isa = PBXGroup;
			children = (
				84482A5D2651D15B00CDA4F1 /* APITests.swift */,
				84489BB02630BDA4000C49D6 /* ReviewModelTests.swift */,
				84482A6D2651D23C00CDA4F1 /* MovieModelTests.swift */,
				84489BB22630BDA4000C49D6 /* Info.plist */,
			);
			path = "Video Club AppTests";
			sourceTree = "<group>";
		};
		84489BBA2630BDA4000C49D6 /* Video Club AppUITests */ = {
			isa = PBXGroup;
			children = (
				84489BBB2630BDA4000C49D6 /* Video_Club_AppUITests.swift */,
				84489BBD2630BDA4000C49D6 /* Info.plist */,
			);
			path = "Video Club AppUITests";
			sourceTree = "<group>";
		};
		84489BCC2630BDEB000C49D6 /* Controllers */ = {
			isa = PBXGroup;
			children = (
				84489B9D2630BDA1000C49D6 /* ViewController.swift */,
				84489C7D2633D637000C49D6 /* MovieViewController.swift */,
				84B12FEB2639902400112DC6 /* ReviewsViewController.swift */,
			);
			path = Controllers;
			sourceTree = "<group>";
		};
		84489BD02630BDFB000C49D6 /* Views */ = {
			isa = PBXGroup;
			children = (
				84489B9F2630BDA1000C49D6 /* Main.storyboard */,
				84489C0C26323328000C49D6 /* CollectionViewCell.swift */,
				84C6ECE6263C39E600A167A5 /* ReviewCell.swift */,
				84489C282632A30D000C49D6 /* Nib */,
			);
			path = Views;
			sourceTree = "<group>";
		};
		84489BD12630BE08000C49D6 /* Models */ = {
			isa = PBXGroup;
			children = (
				84C6ED0826408E5D00A167A5 /* Movie */,
				84C6ED0C26408E6500A167A5 /* Genre */,
				84C6ED1026408E6D00A167A5 /* Reviews */,
				84C6ED9F2644A9C900A167A5 /* LastDateTime */,
			);
			path = Models;
			sourceTree = "<group>";
		};
		84489C1E26328E5C000C49D6 /* Extensions */ = {
			isa = PBXGroup;
			children = (
				84489C1626324527000C49D6 /* Extensions.swift */,
			);
			path = Extensions;
			sourceTree = "<group>";
		};
		84489C282632A30D000C49D6 /* Nib */ = {
			isa = PBXGroup;
			children = (
				84489C0D26323328000C49D6 /* CollectionViewCell.xib */,
				84C6ECE7263C39E600A167A5 /* ReviewCell.xib */,
			);
			path = Nib;
			sourceTree = "<group>";
		};
		84489C292632A32D000C49D6 /* Managers */ = {
			isa = PBXGroup;
			children = (
				84489BF22630F398000C49D6 /* MovieManager.swift */,
				84482A9926533F5900CDA4F1 /* GenreManager.swift */,
				84482A9E26533F6500CDA4F1 /* ReviewManager.swift */,
			);
			path = Managers;
			sourceTree = "<group>";
		};
		84489C3526334024000C49D6 /* Constants */ = {
			isa = PBXGroup;
			children = (
				84489C3026333A39000C49D6 /* Constants.swift */,
			);
			path = Constants;
			sourceTree = "<group>";
		};
		84C6ECF9263F2FD700A167A5 /* Services */ = {
			isa = PBXGroup;
			children = (
				84C6ECFA263F300B00A167A5 /* MoviesApi.swift */,
				84C6ED8D264214F600A167A5 /* RealmDatabase.swift */,
				84C6ED9226422A2800A167A5 /* NetworkMonitor.swift */,
			);
			path = Services;
			sourceTree = "<group>";
		};
		84C6ED0826408E5D00A167A5 /* Movie */ = {
			isa = PBXGroup;
			children = (
				84489BF72630F805000C49D6 /* MovieModel.swift */,
				84489BFC2630F8C2000C49D6 /* MovieData.swift */,
			);
			path = Movie;
			sourceTree = "<group>";
		};
		84C6ED0C26408E6500A167A5 /* Genre */ = {
			isa = PBXGroup;
			children = (
				84C6ED142640B37000A167A5 /* GenreModel.swift */,
				84489C8D26366C87000C49D6 /* GenreData.swift */,
			);
			path = Genre;
			sourceTree = "<group>";
		};
		84C6ED1026408E6D00A167A5 /* Reviews */ = {
			isa = PBXGroup;
			children = (
				84C6ED192640C16F00A167A5 /* ReviewModel.swift */,
				84C6ECDE263A227500A167A5 /* ReviewData.swift */,
			);
			path = Reviews;
			sourceTree = "<group>";
		};
		84C6ED9F2644A9C900A167A5 /* LastDateTime */ = {
			isa = PBXGroup;
			children = (
				84C6ED9A2643652600A167A5 /* DateData.swift */,
			);
			path = LastDateTime;
			sourceTree = "<group>";
		};
/* End PBXGroup section */

/* Begin PBXNativeTarget section */
		84489B952630BDA1000C49D6 /* Video Club App */ = {
			isa = PBXNativeTarget;
			buildConfigurationList = 84489BC02630BDA4000C49D6 /* Build configuration list for PBXNativeTarget "Video Club App" */;
			buildPhases = (
				84489B922630BDA1000C49D6 /* Sources */,
				84489B932630BDA1000C49D6 /* Frameworks */,
				84489B942630BDA1000C49D6 /* Resources */,
			);
			buildRules = (
			);
			dependencies = (
			);
			name = "Video Club App";
			packageProductDependencies = (
				84482A822651EF2600CDA4F1 /* Kingfisher */,
				845241FE2659C24C00947DD7 /* Realm */,
				845242002659C24C00947DD7 /* RealmSwift */,
			);
			productName = "Video Club App";
			productReference = 84489B962630BDA1000C49D6 /* Video Club App.app */;
			productType = "com.apple.product-type.application";
		};
		84489BAB2630BDA4000C49D6 /* Video Club AppTests */ = {
			isa = PBXNativeTarget;
			buildConfigurationList = 84489BC32630BDA4000C49D6 /* Build configuration list for PBXNativeTarget "Video Club AppTests" */;
			buildPhases = (
				84489BA82630BDA4000C49D6 /* Sources */,
				84489BA92630BDA4000C49D6 /* Frameworks */,
				84489BAA2630BDA4000C49D6 /* Resources */,
			);
			buildRules = (
			);
			dependencies = (
				84489BAE2630BDA4000C49D6 /* PBXTargetDependency */,
			);
			name = "Video Club AppTests";
			productName = "Video Club AppTests";
			productReference = 84489BAC2630BDA4000C49D6 /* Video Club AppTests.xctest */;
			productType = "com.apple.product-type.bundle.unit-test";
		};
		84489BB62630BDA4000C49D6 /* Video Club AppUITests */ = {
			isa = PBXNativeTarget;
			buildConfigurationList = 84489BC62630BDA4000C49D6 /* Build configuration list for PBXNativeTarget "Video Club AppUITests" */;
			buildPhases = (
				84489BB32630BDA4000C49D6 /* Sources */,
				84489BB42630BDA4000C49D6 /* Frameworks */,
				84489BB52630BDA4000C49D6 /* Resources */,
			);
			buildRules = (
			);
			dependencies = (
				84489BB92630BDA4000C49D6 /* PBXTargetDependency */,
			);
			name = "Video Club AppUITests";
			productName = "Video Club AppUITests";
			productReference = 84489BB72630BDA4000C49D6 /* Video Club AppUITests.xctest */;
			productType = "com.apple.product-type.bundle.ui-testing";
		};
/* End PBXNativeTarget section */

/* Begin PBXProject section */
		84489B8E2630BDA1000C49D6 /* Project object */ = {
			isa = PBXProject;
			attributes = {
				LastSwiftUpdateCheck = 1240;
				LastUpgradeCheck = 1240;
				TargetAttributes = {
					84489B952630BDA1000C49D6 = {
						CreatedOnToolsVersion = 12.4;
					};
					84489BAB2630BDA4000C49D6 = {
						CreatedOnToolsVersion = 12.4;
						TestTargetID = 84489B952630BDA1000C49D6;
					};
					84489BB62630BDA4000C49D6 = {
						CreatedOnToolsVersion = 12.4;
						TestTargetID = 84489B952630BDA1000C49D6;
					};
				};
			};
			buildConfigurationList = 84489B912630BDA1000C49D6 /* Build configuration list for PBXProject "Video Club App" */;
			compatibilityVersion = "Xcode 9.3";
			developmentRegion = en;
			hasScannedForEncodings = 0;
			knownRegions = (
				en,
				Base,
			);
			mainGroup = 84489B8D2630BDA1000C49D6;
			packageReferences = (
				84482A812651EF2600CDA4F1 /* XCRemoteSwiftPackageReference "Kingfisher" */,
				845241FD2659C24C00947DD7 /* XCRemoteSwiftPackageReference "realm-cocoa" */,
			);
			productRefGroup = 84489B972630BDA1000C49D6 /* Products */;
			projectDirPath = "";
			projectRoot = "";
			targets = (
				84489B952630BDA1000C49D6 /* Video Club App */,
				84489BAB2630BDA4000C49D6 /* Video Club AppTests */,
				84489BB62630BDA4000C49D6 /* Video Club AppUITests */,
			);
		};
/* End PBXProject section */

/* Begin PBXResourcesBuildPhase section */
		84489B942630BDA1000C49D6 /* Resources */ = {
			isa = PBXResourcesBuildPhase;
			buildActionMask = 2147483647;
			files = (
				84489BA62630BDA3000C49D6 /* LaunchScreen.storyboard in Resources */,
				84489BA32630BDA3000C49D6 /* Assets.xcassets in Resources */,
				84489C5526338724000C49D6 /* GoogleService-Info.plist in Resources */,
				84489C0F26323328000C49D6 /* CollectionViewCell.xib in Resources */,
				84489BA12630BDA1000C49D6 /* Main.storyboard in Resources */,
				84C6ECE9263C39E600A167A5 /* ReviewCell.xib in Resources */,
			);
			runOnlyForDeploymentPostprocessing = 0;
		};
		84489BAA2630BDA4000C49D6 /* Resources */ = {
			isa = PBXResourcesBuildPhase;
			buildActionMask = 2147483647;
			files = (
			);
			runOnlyForDeploymentPostprocessing = 0;
		};
		84489BB52630BDA4000C49D6 /* Resources */ = {
			isa = PBXResourcesBuildPhase;
			buildActionMask = 2147483647;
			files = (
			);
			runOnlyForDeploymentPostprocessing = 0;
		};
/* End PBXResourcesBuildPhase section */

/* Begin PBXSourcesBuildPhase section */
		84489B922630BDA1000C49D6 /* Sources */ = {
			isa = PBXSourcesBuildPhase;
			buildActionMask = 2147483647;
			files = (
				84489BF82630F805000C49D6 /* MovieModel.swift in Sources */,
				84C6ECFB263F300B00A167A5 /* MoviesApi.swift in Sources */,
				84489C7E2633D638000C49D6 /* MovieViewController.swift in Sources */,
				84489C1726324527000C49D6 /* Extensions.swift in Sources */,
				84489B9E2630BDA1000C49D6 /* ViewController.swift in Sources */,
				84C6ED9B2643652600A167A5 /* DateData.swift in Sources */,
				84C6ED8E264214F600A167A5 /* RealmDatabase.swift in Sources */,
				84489C0E26323328000C49D6 /* CollectionViewCell.swift in Sources */,
				84489B9A2630BDA1000C49D6 /* AppDelegate.swift in Sources */,
				84489BFD2630F8C2000C49D6 /* MovieData.swift in Sources */,
				84489BF32630F398000C49D6 /* MovieManager.swift in Sources */,
				84489B9C2630BDA1000C49D6 /* SceneDelegate.swift in Sources */,
				84489C8E26366C87000C49D6 /* GenreData.swift in Sources */,
				84C6ED1A2640C16F00A167A5 /* ReviewModel.swift in Sources */,
				84C6ECDF263A227500A167A5 /* ReviewData.swift in Sources */,
				84482A9F26533F6500CDA4F1 /* ReviewManager.swift in Sources */,
				84482A9A26533F5900CDA4F1 /* GenreManager.swift in Sources */,
				84B12FEC2639902400112DC6 /* ReviewsViewController.swift in Sources */,
				84C6ED152640B37000A167A5 /* GenreModel.swift in Sources */,
				84C6ED9326422A2800A167A5 /* NetworkMonitor.swift in Sources */,
				84489C3126333A39000C49D6 /* Constants.swift in Sources */,
				84C6ECE8263C39E600A167A5 /* ReviewCell.swift in Sources */,
			);
			runOnlyForDeploymentPostprocessing = 0;
		};
		84489BA82630BDA4000C49D6 /* Sources */ = {
			isa = PBXSourcesBuildPhase;
			buildActionMask = 2147483647;
			files = (
				84482A6E2651D23C00CDA4F1 /* MovieModelTests.swift in Sources */,
				84482A5E2651D15B00CDA4F1 /* APITests.swift in Sources */,
				84489BB12630BDA4000C49D6 /* ReviewModelTests.swift in Sources */,
			);
			runOnlyForDeploymentPostprocessing = 0;
		};
		84489BB32630BDA4000C49D6 /* Sources */ = {
			isa = PBXSourcesBuildPhase;
			buildActionMask = 2147483647;
			files = (
				84489BBC2630BDA4000C49D6 /* Video_Club_AppUITests.swift in Sources */,
			);
			runOnlyForDeploymentPostprocessing = 0;
		};
/* End PBXSourcesBuildPhase section */

/* Begin PBXTargetDependency section */
		84489BAE2630BDA4000C49D6 /* PBXTargetDependency */ = {
			isa = PBXTargetDependency;
			target = 84489B952630BDA1000C49D6 /* Video Club App */;
			targetProxy = 84489BAD2630BDA4000C49D6 /* PBXContainerItemProxy */;
		};
		84489BB92630BDA4000C49D6 /* PBXTargetDependency */ = {
			isa = PBXTargetDependency;
			target = 84489B952630BDA1000C49D6 /* Video Club App */;
			targetProxy = 84489BB82630BDA4000C49D6 /* PBXContainerItemProxy */;
		};
/* End PBXTargetDependency section */

/* Begin PBXVariantGroup section */
		84489B9F2630BDA1000C49D6 /* Main.storyboard */ = {
			isa = PBXVariantGroup;
			children = (
				84489BA02630BDA1000C49D6 /* Base */,
			);
			name = Main.storyboard;
			sourceTree = "<group>";
		};
		84489BA42630BDA3000C49D6 /* LaunchScreen.storyboard */ = {
			isa = PBXVariantGroup;
			children = (
				84489BA52630BDA3000C49D6 /* Base */,
			);
			name = LaunchScreen.storyboard;
			sourceTree = "<group>";
		};
/* End PBXVariantGroup section */

/* Begin XCBuildConfiguration section */
		84489BBE2630BDA4000C49D6 /* Debug */ = {
			isa = XCBuildConfiguration;
			buildSettings = {
				ALWAYS_SEARCH_USER_PATHS = NO;
				CLANG_ANALYZER_NONNULL = YES;
				CLANG_ANALYZER_NUMBER_OBJECT_CONVERSION = YES_AGGRESSIVE;
				CLANG_CXX_LANGUAGE_STANDARD = "gnu++14";
				CLANG_CXX_LIBRARY = "libc++";
				CLANG_ENABLE_MODULES = YES;
				CLANG_ENABLE_OBJC_ARC = YES;
				CLANG_ENABLE_OBJC_WEAK = YES;
				CLANG_WARN_BLOCK_CAPTURE_AUTORELEASING = YES;
				CLANG_WARN_BOOL_CONVERSION = YES;
				CLANG_WARN_COMMA = YES;
				CLANG_WARN_CONSTANT_CONVERSION = YES;
				CLANG_WARN_DEPRECATED_OBJC_IMPLEMENTATIONS = YES;
				CLANG_WARN_DIRECT_OBJC_ISA_USAGE = YES_ERROR;
				CLANG_WARN_DOCUMENTATION_COMMENTS = YES;
				CLANG_WARN_EMPTY_BODY = YES;
				CLANG_WARN_ENUM_CONVERSION = YES;
				CLANG_WARN_INFINITE_RECURSION = YES;
				CLANG_WARN_INT_CONVERSION = YES;
				CLANG_WARN_NON_LITERAL_NULL_CONVERSION = YES;
				CLANG_WARN_OBJC_IMPLICIT_RETAIN_SELF = YES;
				CLANG_WARN_OBJC_LITERAL_CONVERSION = YES;
				CLANG_WARN_OBJC_ROOT_CLASS = YES_ERROR;
				CLANG_WARN_QUOTED_INCLUDE_IN_FRAMEWORK_HEADER = YES;
				CLANG_WARN_RANGE_LOOP_ANALYSIS = YES;
				CLANG_WARN_STRICT_PROTOTYPES = YES;
				CLANG_WARN_SUSPICIOUS_MOVE = YES;
				CLANG_WARN_UNGUARDED_AVAILABILITY = YES_AGGRESSIVE;
				CLANG_WARN_UNREACHABLE_CODE = YES;
				CLANG_WARN__DUPLICATE_METHOD_MATCH = YES;
				COPY_PHASE_STRIP = NO;
				DEBUG_INFORMATION_FORMAT = dwarf;
				ENABLE_STRICT_OBJC_MSGSEND = YES;
				ENABLE_TESTABILITY = YES;
				GCC_C_LANGUAGE_STANDARD = gnu11;
				GCC_DYNAMIC_NO_PIC = NO;
				GCC_NO_COMMON_BLOCKS = YES;
				GCC_OPTIMIZATION_LEVEL = 0;
				GCC_PREPROCESSOR_DEFINITIONS = (
					"DEBUG=1",
					"$(inherited)",
				);
				GCC_WARN_64_TO_32_BIT_CONVERSION = YES;
				GCC_WARN_ABOUT_RETURN_TYPE = YES_ERROR;
				GCC_WARN_UNDECLARED_SELECTOR = YES;
				GCC_WARN_UNINITIALIZED_AUTOS = YES_AGGRESSIVE;
				GCC_WARN_UNUSED_FUNCTION = YES;
				GCC_WARN_UNUSED_VARIABLE = YES;
				IPHONEOS_DEPLOYMENT_TARGET = 14.4;
				MTL_ENABLE_DEBUG_INFO = INCLUDE_SOURCE;
				MTL_FAST_MATH = YES;
				ONLY_ACTIVE_ARCH = YES;
				SDKROOT = iphoneos;
				SWIFT_ACTIVE_COMPILATION_CONDITIONS = DEBUG;
				SWIFT_OPTIMIZATION_LEVEL = "-Onone";
			};
			name = Debug;
		};
		84489BBF2630BDA4000C49D6 /* Release */ = {
			isa = XCBuildConfiguration;
			buildSettings = {
				ALWAYS_SEARCH_USER_PATHS = NO;
				CLANG_ANALYZER_NONNULL = YES;
				CLANG_ANALYZER_NUMBER_OBJECT_CONVERSION = YES_AGGRESSIVE;
				CLANG_CXX_LANGUAGE_STANDARD = "gnu++14";
				CLANG_CXX_LIBRARY = "libc++";
				CLANG_ENABLE_MODULES = YES;
				CLANG_ENABLE_OBJC_ARC = YES;
				CLANG_ENABLE_OBJC_WEAK = YES;
				CLANG_WARN_BLOCK_CAPTURE_AUTORELEASING = YES;
				CLANG_WARN_BOOL_CONVERSION = YES;
				CLANG_WARN_COMMA = YES;
				CLANG_WARN_CONSTANT_CONVERSION = YES;
				CLANG_WARN_DEPRECATED_OBJC_IMPLEMENTATIONS = YES;
				CLANG_WARN_DIRECT_OBJC_ISA_USAGE = YES_ERROR;
				CLANG_WARN_DOCUMENTATION_COMMENTS = YES;
				CLANG_WARN_EMPTY_BODY = YES;
				CLANG_WARN_ENUM_CONVERSION = YES;
				CLANG_WARN_INFINITE_RECURSION = YES;
				CLANG_WARN_INT_CONVERSION = YES;
				CLANG_WARN_NON_LITERAL_NULL_CONVERSION = YES;
				CLANG_WARN_OBJC_IMPLICIT_RETAIN_SELF = YES;
				CLANG_WARN_OBJC_LITERAL_CONVERSION = YES;
				CLANG_WARN_OBJC_ROOT_CLASS = YES_ERROR;
				CLANG_WARN_QUOTED_INCLUDE_IN_FRAMEWORK_HEADER = YES;
				CLANG_WARN_RANGE_LOOP_ANALYSIS = YES;
				CLANG_WARN_STRICT_PROTOTYPES = YES;
				CLANG_WARN_SUSPICIOUS_MOVE = YES;
				CLANG_WARN_UNGUARDED_AVAILABILITY = YES_AGGRESSIVE;
				CLANG_WARN_UNREACHABLE_CODE = YES;
				CLANG_WARN__DUPLICATE_METHOD_MATCH = YES;
				COPY_PHASE_STRIP = NO;
				DEBUG_INFORMATION_FORMAT = "dwarf-with-dsym";
				ENABLE_NS_ASSERTIONS = NO;
				ENABLE_STRICT_OBJC_MSGSEND = YES;
				GCC_C_LANGUAGE_STANDARD = gnu11;
				GCC_NO_COMMON_BLOCKS = YES;
				GCC_WARN_64_TO_32_BIT_CONVERSION = YES;
				GCC_WARN_ABOUT_RETURN_TYPE = YES_ERROR;
				GCC_WARN_UNDECLARED_SELECTOR = YES;
				GCC_WARN_UNINITIALIZED_AUTOS = YES_AGGRESSIVE;
				GCC_WARN_UNUSED_FUNCTION = YES;
				GCC_WARN_UNUSED_VARIABLE = YES;
				IPHONEOS_DEPLOYMENT_TARGET = 14.4;
				MTL_ENABLE_DEBUG_INFO = NO;
				MTL_FAST_MATH = YES;
				SDKROOT = iphoneos;
				SWIFT_COMPILATION_MODE = wholemodule;
				SWIFT_OPTIMIZATION_LEVEL = "-O";
				VALIDATE_PRODUCT = YES;
			};
			name = Release;
		};
		84489BC12630BDA4000C49D6 /* Debug */ = {
			isa = XCBuildConfiguration;
			buildSettings = {
				ASSETCATALOG_COMPILER_APPICON_NAME = AppIcon;
				ASSETCATALOG_COMPILER_GLOBAL_ACCENT_COLOR_NAME = AccentColor;
				CODE_SIGN_STYLE = Automatic;
				DEVELOPMENT_TEAM = 3N3DW88U6L;
				INFOPLIST_FILE = "Video Club App/Info.plist";
				LD_RUNPATH_SEARCH_PATHS = (
					"$(inherited)",
					"@executable_path/Frameworks",
				);
				PRODUCT_BUNDLE_IDENTIFIER = "com.rheedls.Video-Club-App";
				PRODUCT_NAME = "$(TARGET_NAME)";
				SWIFT_VERSION = 5.0;
				TARGETED_DEVICE_FAMILY = "1,2";
			};
			name = Debug;
		};
		84489BC22630BDA4000C49D6 /* Release */ = {
			isa = XCBuildConfiguration;
			buildSettings = {
				ASSETCATALOG_COMPILER_APPICON_NAME = AppIcon;
				ASSETCATALOG_COMPILER_GLOBAL_ACCENT_COLOR_NAME = AccentColor;
				CODE_SIGN_STYLE = Automatic;
				DEVELOPMENT_TEAM = 3N3DW88U6L;
				INFOPLIST_FILE = "Video Club App/Info.plist";
				LD_RUNPATH_SEARCH_PATHS = (
					"$(inherited)",
					"@executable_path/Frameworks",
				);
				PRODUCT_BUNDLE_IDENTIFIER = "com.rheedls.Video-Club-App";
				PRODUCT_NAME = "$(TARGET_NAME)";
				SWIFT_VERSION = 5.0;
				TARGETED_DEVICE_FAMILY = "1,2";
			};
			name = Release;
		};
		84489BC42630BDA4000C49D6 /* Debug */ = {
			isa = XCBuildConfiguration;
			buildSettings = {
				ALWAYS_EMBED_SWIFT_STANDARD_LIBRARIES = YES;
				BUNDLE_LOADER = "$(TEST_HOST)";
				CODE_SIGN_STYLE = Automatic;
				DEVELOPMENT_TEAM = 3N3DW88U6L;
				INFOPLIST_FILE = "Video Club AppTests/Info.plist";
				IPHONEOS_DEPLOYMENT_TARGET = 14.4;
				LD_RUNPATH_SEARCH_PATHS = (
					"$(inherited)",
					"@executable_path/Frameworks",
					"@loader_path/Frameworks",
				);
				PRODUCT_BUNDLE_IDENTIFIER = "com.rheedls.Video-Club-AppTests";
				PRODUCT_NAME = "$(TARGET_NAME)";
				SWIFT_VERSION = 5.0;
				TARGETED_DEVICE_FAMILY = "1,2";
				TEST_HOST = "$(BUILT_PRODUCTS_DIR)/Video Club App.app/Video Club App";
			};
			name = Debug;
		};
		84489BC52630BDA4000C49D6 /* Release */ = {
			isa = XCBuildConfiguration;
			buildSettings = {
				ALWAYS_EMBED_SWIFT_STANDARD_LIBRARIES = YES;
				BUNDLE_LOADER = "$(TEST_HOST)";
				CODE_SIGN_STYLE = Automatic;
				DEVELOPMENT_TEAM = 3N3DW88U6L;
				INFOPLIST_FILE = "Video Club AppTests/Info.plist";
				IPHONEOS_DEPLOYMENT_TARGET = 14.4;
				LD_RUNPATH_SEARCH_PATHS = (
					"$(inherited)",
					"@executable_path/Frameworks",
					"@loader_path/Frameworks",
				);
				PRODUCT_BUNDLE_IDENTIFIER = "com.rheedls.Video-Club-AppTests";
				PRODUCT_NAME = "$(TARGET_NAME)";
				SWIFT_VERSION = 5.0;
				TARGETED_DEVICE_FAMILY = "1,2";
				TEST_HOST = "$(BUILT_PRODUCTS_DIR)/Video Club App.app/Video Club App";
			};
			name = Release;
		};
		84489BC72630BDA4000C49D6 /* Debug */ = {
			isa = XCBuildConfiguration;
			buildSettings = {
				ALWAYS_EMBED_SWIFT_STANDARD_LIBRARIES = YES;
				CODE_SIGN_STYLE = Automatic;
				DEVELOPMENT_TEAM = 3N3DW88U6L;
				INFOPLIST_FILE = "Video Club AppUITests/Info.plist";
				LD_RUNPATH_SEARCH_PATHS = (
					"$(inherited)",
					"@executable_path/Frameworks",
					"@loader_path/Frameworks",
				);
				PRODUCT_BUNDLE_IDENTIFIER = "com.rheedls.Video-Club-AppUITests";
				PRODUCT_NAME = "$(TARGET_NAME)";
				SWIFT_VERSION = 5.0;
				TARGETED_DEVICE_FAMILY = "1,2";
				TEST_TARGET_NAME = "Video Club App";
			};
			name = Debug;
		};
		84489BC82630BDA4000C49D6 /* Release */ = {
			isa = XCBuildConfiguration;
			buildSettings = {
				ALWAYS_EMBED_SWIFT_STANDARD_LIBRARIES = YES;
				CODE_SIGN_STYLE = Automatic;
				DEVELOPMENT_TEAM = 3N3DW88U6L;
				INFOPLIST_FILE = "Video Club AppUITests/Info.plist";
				LD_RUNPATH_SEARCH_PATHS = (
					"$(inherited)",
					"@executable_path/Frameworks",
					"@loader_path/Frameworks",
				);
				PRODUCT_BUNDLE_IDENTIFIER = "com.rheedls.Video-Club-AppUITests";
				PRODUCT_NAME = "$(TARGET_NAME)";
				SWIFT_VERSION = 5.0;
				TARGETED_DEVICE_FAMILY = "1,2";
				TEST_TARGET_NAME = "Video Club App";
			};
			name = Release;
		};
/* End XCBuildConfiguration section */

/* Begin XCConfigurationList section */
		84489B912630BDA1000C49D6 /* Build configuration list for PBXProject "Video Club App" */ = {
			isa = XCConfigurationList;
			buildConfigurations = (
				84489BBE2630BDA4000C49D6 /* Debug */,
				84489BBF2630BDA4000C49D6 /* Release */,
			);
			defaultConfigurationIsVisible = 0;
			defaultConfigurationName = Release;
		};
		84489BC02630BDA4000C49D6 /* Build configuration list for PBXNativeTarget "Video Club App" */ = {
			isa = XCConfigurationList;
			buildConfigurations = (
				84489BC12630BDA4000C49D6 /* Debug */,
				84489BC22630BDA4000C49D6 /* Release */,
			);
			defaultConfigurationIsVisible = 0;
			defaultConfigurationName = Release;
		};
		84489BC32630BDA4000C49D6 /* Build configuration list for PBXNativeTarget "Video Club AppTests" */ = {
			isa = XCConfigurationList;
			buildConfigurations = (
				84489BC42630BDA4000C49D6 /* Debug */,
				84489BC52630BDA4000C49D6 /* Release */,
			);
			defaultConfigurationIsVisible = 0;
			defaultConfigurationName = Release;
		};
		84489BC62630BDA4000C49D6 /* Build configuration list for PBXNativeTarget "Video Club AppUITests" */ = {
			isa = XCConfigurationList;
			buildConfigurations = (
				84489BC72630BDA4000C49D6 /* Debug */,
				84489BC82630BDA4000C49D6 /* Release */,
			);
			defaultConfigurationIsVisible = 0;
			defaultConfigurationName = Release;
		};
/* End XCConfigurationList section */

/* Begin XCRemoteSwiftPackageReference section */
		84482A812651EF2600CDA4F1 /* XCRemoteSwiftPackageReference "Kingfisher" */ = {
			isa = XCRemoteSwiftPackageReference;
			repositoryURL = "https://github.com/onevcat/Kingfisher.git";
			requirement = {
				kind = upToNextMajorVersion;
				minimumVersion = 6.3.0;
			};
		};
		845241FD2659C24C00947DD7 /* XCRemoteSwiftPackageReference "realm-cocoa" */ = {
			isa = XCRemoteSwiftPackageReference;
			repositoryURL = "https://github.com/realm/realm-cocoa.git";
			requirement = {
				kind = upToNextMajorVersion;
				minimumVersion = 10.7.6;
			};
		};
/* End XCRemoteSwiftPackageReference section */

/* Begin XCSwiftPackageProductDependency section */
		84482A822651EF2600CDA4F1 /* Kingfisher */ = {
			isa = XCSwiftPackageProductDependency;
			package = 84482A812651EF2600CDA4F1 /* XCRemoteSwiftPackageReference "Kingfisher" */;
			productName = Kingfisher;
		};
		845241FE2659C24C00947DD7 /* Realm */ = {
			isa = XCSwiftPackageProductDependency;
			package = 845241FD2659C24C00947DD7 /* XCRemoteSwiftPackageReference "realm-cocoa" */;
			productName = Realm;
		};
		845242002659C24C00947DD7 /* RealmSwift */ = {
			isa = XCSwiftPackageProductDependency;
			package = 845241FD2659C24C00947DD7 /* XCRemoteSwiftPackageReference "realm-cocoa" */;
			productName = RealmSwift;
		};
/* End XCSwiftPackageProductDependency section */
	};
	rootObject = 84489B8E2630BDA1000C49D6 /* Project object */;
}
